
Microsoft Visual Studio Solution File, Format Version 12.00
# Visual Studio Version 17
VisualStudioVersion = 17.7.34031.279
MinimumVisualStudioVersion = 10.0.40219.1
Project("{9A19103F-16F7-4668-BE54-9A1E7A4F7556}") = "BackendInterviewProblem", "BackendInterviewProblem\BackendInterviewProblem.csproj", "{9A29B73A-938B-4605-AFB3-113F1B2B5023}"
EndProject
Global
	GlobalSection(SolutionConfigurationPlatforms) = preSolution
		Debug|Any CPU = Debug|Any CPU
		Release|Any CPU = Release|Any CPU
	EndGlobalSection
	GlobalSection(ProjectConfigurationPlatforms) = postSolution
		{9A29B73A-938B-4605-AFB3-113F1B2B5023}.Debug|Any CPU.ActiveCfg = Debug|Any CPU
		{9A29B73A-938B-4605-AFB3-113F1B2B5023}.Debug|Any CPU.Build.0 = Debug|Any CPU
		{9A29B73A-938B-4605-AFB3-113F1B2B5023}.Release|Any CPU.ActiveCfg = Release|Any CPU
		{9A29B73A-938B-4605-AFB3-113F1B2B5023}.Release|Any CPU.Build.0 = Release|Any CPU
	EndGlobalSection
	GlobalSection(SolutionProperties) = preSolution
		HideSolutionNode = FALSE
	EndGlobalSection
	GlobalSection(ExtensibilityGlobals) = postSolution
		SolutionGuid = {9C04185A-6516-4EB0-A705-CFD825CAEF78}
	EndGlobalSection
EndGlobal
